# This file is automatically @generated by Poetry 2.2.1 and should not be changed by hand.

[[package]]
name = "evdev-binary"
version = "1.9.2"
description = "Bindings to the Linux input handling subsystem"
optional = false
python-versions = ">=3.8"
groups = ["main"]
files = [
    {file = "evdev_binary-1.9.2-cp310-cp310-manylinux_2_5_x86_64.manylinux1_x86_64.manylinux_2_28_x86_64.whl", hash = "sha256:d19d3e2596c50930c09eb17d0c0c04682eb6b9496584851521ced5f5809da1ef"},
    {file = "evdev_binary-1.9.2-cp310-cp310-musllinux_1_2_x86_64.whl", hash = "sha256:59d2dd21717e46ef2032b83bd1ce58aba3764fe28c86a01a308a955e394dffd3"},
    {file = "evdev_binary-1.9.2-cp311-cp311-manylinux_2_5_x86_64.manylinux1_x86_64.manylinux_2_28_x86_64.whl", hash = "sha256:9717f88f4585daae3a674d8a390bf9603a05f778af5b61e75dbc5e504119f5e4"},
    {file = "evdev_binary-1.9.2-cp311-cp311-musllinux_1_2_x86_64.whl", hash = "sha256:9eb239d10e9b0160751523f3343f4264d8c207c7a08da68f8cc110f6c4e94ccc"},
    {file = "evdev_binary-1.9.2-cp312-cp312-manylinux_2_5_x86_64.manylinux1_x86_64.manylinux_2_28_x86_64.whl", hash = "sha256:7f9f221edc89bf2912c4eca60c65ce2cf2a0333ee242e0f9e8ca2922f5a20678"},
    {file = "evdev_binary-1.9.2-cp312-cp312-musllinux_1_2_x86_64.whl", hash = "sha256:594ea8bbabf0ac8f5e8ee469b31120cb65b1cafebac6aa65f55d7288c7133504"},
    {file = "evdev_binary-1.9.2-cp313-cp313-manylinux_2_5_x86_64.manylinux1_x86_64.manylinux_2_28_x86_64.whl", hash = "sha256:537e519dd75781b558eb81a1f826af77e4f3f1038a83857791173c643f6565ab"},
    {file = "evdev_binary-1.9.2-cp313-cp313-musllinux_1_2_x86_64.whl", hash = "sha256:da9e0c089d48c12f753defa2086c799e779ee33c01e3b543ae90a9154dda8d40"},
    {file = "evdev_binary-1.9.2-cp38-cp38-manylinux_2_5_x86_64.manylinux1_x86_64.manylinux_2_28_x86_64.whl", hash = "sha256:fb9c7df25d983e15cc81003fd5102ed39219a455e6bb2d87559ef8e856e6622c"},
    {file = "evdev_binary-1.9.2-cp38-cp38-musllinux_1_2_x86_64.whl", hash = "sha256:f8fbf72108bfe9399fbdda15981dcf347ed1f0c0af5e7d5f45cfbffbc0e935f9"},
    {file = "evdev_binary-1.9.2-cp39-cp39-manylinux_2_5_x86_64.manylinux1_x86_64.manylinux_2_28_x86_64.whl", hash = "sha256:7bcad0403bc55ce532a59c12344716c4b1eab004d3492dd77567fdca6d62c77d"},
    {file = "evdev_binary-1.9.2-cp39-cp39-musllinux_1_2_x86_64.whl", hash = "sha256:1ce17fb02bda164917d29eb00006dfb9f62760829b28454c740ed1a4502d45cf"},
    {file = "evdev_binary-1.9.2-pp310-pypy310_pp73-manylinux_2_5_x86_64.manylinux1_x86_64.manylinux_2_28_x86_64.whl", hash = "sha256:2c6dcf52c38f22151580ff6bf2426d24da74cdee3fa115096c90af22a7cf6392"},
    {file = "evdev_binary-1.9.2-pp311-pypy311_pp73-manylinux_2_5_x86_64.manylinux1_x86_64.manylinux_2_28_x86_64.whl", hash = "sha256:7ffde86b061718c278cfce8d638dfb74a5c3decf0a82a390535ebc88697b66c9"},
    {file = "evdev_binary-1.9.2-pp38-pypy38_pp73-manylinux_2_5_x86_64.manylinux1_x86_64.manylinux_2_28_x86_64.whl", hash = "sha256:a628991f98dac48030b2e53ab1764b8d58df57a878622ebc8f5cb731915e6256"},
    {file = "evdev_binary-1.9.2-pp39-pypy39_pp73-manylinux_2_5_x86_64.manylinux1_x86_64.manylinux_2_28_x86_64.whl", hash = "sha256:2a211e70e0323700ea548d47a0886f8f7c5ada8d94f3c7eed9ae2c2962b1396b"},
]

[metadata]
lock-version = "2.1"
python-versions = ">=3.13"
content-hash = "e49c82be3a1daadb2a497a774d73283d7f96f5c267407a315385198ee1705109"
